
Microsoft Visual Studio Solution File, Format Version 12.00
Project("{FAE04EC0-301F-11D3-BF4B-00C04F79EFBC}") = "GPoon21.KAPI.SDK", "GPoon21.KAPI.SDK\GPoon21.KAPI.SDK.csproj", "{DC841052-E9D1-4044-AF2B-FE3892009936}"
EndProject
Global
	GlobalSection(SolutionConfigurationPlatforms) = preSolution
		Debug|Any CPU = Debug|Any CPU
		Release|Any CPU = Release|Any CPU
	EndGlobalSection
	GlobalSection(ProjectConfigurationPlatforms) = postSolution
		{DC841052-E9D1-4044-AF2B-FE3892009936}.Debug|Any CPU.ActiveCfg = Debug|Any CPU
		{DC841052-E9D1-4044-AF2B-FE3892009936}.Debug|Any CPU.Build.0 = Debug|Any CPU
		{DC841052-E9D1-4044-AF2B-FE3892009936}.Release|Any CPU.ActiveCfg = Release|Any CPU
		{DC841052-E9D1-4044-AF2B-FE3892009936}.Release|Any CPU.Build.0 = Release|Any CPU
	EndGlobalSection
EndGlobal
